
Microsoft Visual Studio Solution File, Format Version 12.00
# Visual Studio Version 17
VisualStudioVersion = 17.6.33815.320
MinimumVisualStudioVersion = 10.0.40219.1
Project("{FAE04EC0-301F-11D3-BF4B-00C04F79EFBC}") = "Pansiyon otomasyonu", "Pansiyon otomasyonu\Pansiyon otomasyonu.csproj", "{7066909A-6FE5-47E7-AA41-15EFEA937B86}"
EndProject
Global
	GlobalSection(SolutionConfigurationPlatforms) = preSolution
		Debug|Any CPU = Debug|Any CPU
		Release|Any CPU = Release|Any CPU
	EndGlobalSection
	GlobalSection(ProjectConfigurationPlatforms) = postSolution
		{7066909A-6FE5-47E7-AA41-15EFEA937B86}.Debug|Any CPU.ActiveCfg = Debug|Any CPU
		{7066909A-6FE5-47E7-AA41-15EFEA937B86}.Debug|Any CPU.Build.0 = Debug|Any CPU
		{7066909A-6FE5-47E7-AA41-15EFEA937B86}.Release|Any CPU.ActiveCfg = Release|Any CPU
		{7066909A-6FE5-47E7-AA41-15EFEA937B86}.Release|Any CPU.Build.0 = Release|Any CPU
	EndGlobalSection
	GlobalSection(SolutionProperties) = preSolution
		HideSolutionNode = FALSE
	EndGlobalSection
	GlobalSection(ExtensibilityGlobals) = postSolution
		SolutionGuid = {31CB7B31-43E4-41D8-8631-953AF2DACAAE}
	EndGlobalSection
EndGlobal
